<?xml version="1.0" encoding="utf-8"?>
<Project ToolsVersion="4.0" xmlns="http://schemas.microsoft.com/developer/msbuild/2003">
  <ItemGroup>
    <Filter Include="Source Files">
      <UniqueIdentifier>{4FC737F1-C7A5-4376-A066-2A32D752A2FF}</UniqueIdentifier>
      <Extensions>cpp;c;cc;cxx;c++;cppm;ixx;def;odl;idl;hpj;bat;asm;asmx</Extensions>
    </Filter>
    <Filter Include="Header Files">
      <UniqueIdentifier>{93995380-89BD-4b04-88EB-625FBE52EBFB}</UniqueIdentifier>
      <Extensions>h;hh;hpp;hxx;h++;hm;inl;inc;ipp;xsd</Extensions>
    </Filter>
    <Filter Include="Resource Files">
      <UniqueIdentifier>{67DA6AB6-F800-4c08-8B7A-83BB121AAD01}</UniqueIdentifier>
      <Extensions>rc;ico;cur;bmp;dlg;rc2;rct;bin;rgs;gif;jpg;jpeg;jpe;resx;tiff;tif;png;wav;mfcribbon-ms</Extensions>
    </Filter>
    <Filter Include="Template">
      <UniqueIdentifier>{b46b5c09-4e78-4036-876e-6edc81122b91}</UniqueIdentifier>
    </Filter>
    <Filter Include="Recursion">
      <UniqueIdentifier>{e3d72f46-7c40-403f-b2c0-2d6f833fc905}</UniqueIdentifier>
    </Filter>
    <Filter Include="Searching">
      <UniqueIdentifier>{b1e082bc-713d-4fa1-9c94-105a762e1c7e}</UniqueIdentifier>
    </Filter>
    <Filter Include="ArrayList">
      <UniqueIdentifier>{cba288f8-aca9-44e7-b6a7-52761e52167f}</UniqueIdentifier>
    </Filter>
    <Filter Include="LinkedList">
      <UniqueIdentifier>{145e27d0-ce16-4bc2-9f57-a39d9f9737b6}</UniqueIdentifier>
    </Filter>
    <Filter Include="Sorting">
      <UniqueIdentifier>{ebf1efc9-6fb1-44e3-9a7e-775554bd786e}</UniqueIdentifier>
    </Filter>
    <Filter Include="Queue%281%29">
      <UniqueIdentifier>{8d02cb78-fb2b-4f4c-bc80-56cadcd77259}</UniqueIdentifier>
    </Filter>
  </ItemGroup>
  <ItemGroup>
    <ClInclude Include="Person.h">
      <Filter>Header Files</Filter>
    </ClInclude>
    <ClInclude Include="Applicant.h">
      <Filter>Header Files</Filter>
    </ClInclude>
    <ClInclude Include="..\..\..\..\OneDrive\Documents\Template\num.h">
      <Filter>Template</Filter>
    </ClInclude>
    <ClInclude Include="..\..\..\..\OneDrive\Documents\recursion\Folder.h">
      <Filter>Recursion</Filter>
    </ClInclude>
    <ClInclude Include="..\..\..\..\OneDrive\Documents\Searching\Element.h">
      <Filter>Searching</Filter>
    </ClInclude>
    <ClInclude Include="..\..\..\..\OneDrive\Documents\ArrayList\Item.h">
      <Filter>ArrayList</Filter>
    </ClInclude>
    <ClInclude Include="..\..\..\..\OneDrive\Documents\Linked List\LinkedItem.h">
      <Filter>LinkedList</Filter>
    </ClInclude>
    <ClInclude Include="..\..\..\..\OneDrive\Documents\Sorting(Descending)\Sorting.h">
      <Filter>Sorting</Filter>
    </ClInclude>
    <ClInclude Include="..\..\..\..\OneDrive\Desktop\Queue(1)\Person.h">
      <Filter>Queue%281%29</Filter>
    </ClInclude>
    <ClInclude Include="..\..\..\..\OneDrive\Desktop\Queue(1)\LinkedQueue.h">
      <Filter>Queue%281%29</Filter>
    </ClInclude>
  </ItemGroup>
  <ItemGroup>
    <ClCompile Include="Person.cpp">
      <Filter>Source Files</Filter>
    </ClCompile>
    <ClCompile Include="MainPerson.cpp">
      <Filter>Source Files</Filter>
    </ClCompile>
    <ClCompile Include="Applicant.cpp">
      <Filter>Source Files</Filter>
    </ClCompile>
    <ClCompile Include="..\..\..\..\OneDrive\Documents\Template\Mymain.cpp">
      <Filter>Template</Filter>
    </ClCompile>
    <ClCompile Include="..\..\..\..\OneDrive\Documents\recursion\MainFolder.cpp">
      <Filter>Recursion</Filter>
    </ClCompile>
    <ClCompile Include="..\..\..\..\OneDrive\Documents\Searching\MainSearch.cpp">
      <Filter>Searching</Filter>
    </ClCompile>
    <ClCompile Include="..\..\..\..\OneDrive\Documents\ArrayList\MainItem.cpp">
      <Filter>ArrayList</Filter>
    </ClCompile>
    <ClCompile Include="..\..\..\..\OneDrive\Documents\Linked List\LinkedItemMain.cpp">
      <Filter>LinkedList</Filter>
    </ClCompile>
    <ClCompile Include="..\..\..\..\OneDrive\Documents\Sorting(Descending)\SortingMaincpp.cpp">
      <Filter>Sorting</Filter>
    </ClCompile>
    <ClCompile Include="..\..\..\..\OneDrive\Desktop\Queue(1)\MainLinkedQueue.cpp">
      <Filter>Queue%281%29</Filter>
    </ClCompile>
  </ItemGroup>
</Project>